// !$*UTF8*$!
{
	archiveVersion = 1;
	classes = {
	};
	objectVersion = 46;
	objects = {

/* Begin PBXBuildFile section */
		F021B9431AB9A0840029C4AF /* AppDelegate.swift in Sources */ = {isa = PBXBuildFile; fileRef = F021B9421AB9A0840029C4AF /* AppDelegate.swift */; };
		F021B9451AB9A0840029C4AF /* FirstViewController.swift in Sources */ = {isa = PBXBuildFile; fileRef = F021B9441AB9A0840029C4AF /* FirstViewController.swift */; };
		F021B9471AB9A0840029C4AF /* SecondViewController.swift in Sources */ = {isa = PBXBuildFile; fileRef = F021B9461AB9A0840029C4AF /* SecondViewController.swift */; };
		F021B94A1AB9A0840029C4AF /* Main.storyboard in Resources */ = {isa = PBXBuildFile; fileRef = F021B9481AB9A0840029C4AF /* Main.storyboard */; };
		F021B94C1AB9A0840029C4AF /* Images.xcassets in Resources */ = {isa = PBXBuildFile; fileRef = F021B94B1AB9A0840029C4AF /* Images.xcassets */; };
		F021B94F1AB9A0840029C4AF /* LaunchScreen.xib in Resources */ = {isa = PBXBuildFile; fileRef = F021B94D1AB9A0840029C4AF /* LaunchScreen.xib */; };
		F021B95B1AB9A0840029C4AF /* SDUCarTests.swift in Sources */ = {isa = PBXBuildFile; fileRef = F021B95A1AB9A0840029C4AF /* SDUCarTests.swift */; };
/* End PBXBuildFile section */

/* Begin PBXContainerItemProxy section */
		F021B9551AB9A0840029C4AF /* PBXContainerItemProxy */ = {
			isa = PBXContainerItemProxy;
			containerPortal = F021B9351AB9A0840029C4AF /* Project object */;
			proxyType = 1;
			remoteGlobalIDString = F021B93C1AB9A0840029C4AF;
			remoteInfo = SDUCar;
		};
/* End PBXContainerItemProxy section */

/* Begin PBXFileReference section */
		F021B93D1AB9A0840029C4AF /* SDUCar.app */ = {isa = PBXFileReference; explicitFileType = wrapper.application; includeInIndex = 0; path = SDUCar.app; sourceTree = BUILT_PRODUCTS_DIR; };
		F021B9411AB9A0840029C4AF /* Info.plist */ = {isa = PBXFileReference; lastKnownFileType = text.plist.xml; path = Info.plist; sourceTree = "<group>"; };
		F021B9421AB9A0840029C4AF /* AppDelegate.swift */ = {isa = PBXFileReference; lastKnownFileType = sourcecode.swift; path = AppDelegate.swift; sourceTree = "<group>"; };
		F021B9441AB9A0840029C4AF /* FirstViewController.swift */ = {isa = PBXFileReference; lastKnownFileType = sourcecode.swift; path = FirstViewController.swift; sourceTree = "<group>"; };
		F021B9461AB9A0840029C4AF /* SecondViewController.swift */ = {isa = PBXFileReference; lastKnownFileType = sourcecode.swift; path = SecondViewController.swift; sourceTree = "<group>"; };
		F021B9491AB9A0840029C4AF /* Base */ = {isa = PBXFileReference; lastKnownFileType = file.storyboard; name = Base; path = Base.lproj/Main.storyboard; sourceTree = "<group>"; };
		F021B94B1AB9A0840029C4AF /* Images.xcassets */ = {isa = PBXFileReference; lastKnownFileType = folder.assetcatalog; path = Images.xcassets; sourceTree = "<group>"; };
		F021B94E1AB9A0840029C4AF /* Base */ = {isa = PBXFileReference; lastKnownFileType = file.xib; name = Base; path = Base.lproj/LaunchScreen.xib; sourceTree = "<group>"; };
		F021B9541AB9A0840029C4AF /* SDUCarTests.xctest */ = {isa = PBXFileReference; explicitFileType = wrapper.cfbundle; includeInIndex = 0; path = SDUCarTests.xctest; sourceTree = BUILT_PRODUCTS_DIR; };
		F021B9591AB9A0840029C4AF /* Info.plist */ = {isa = PBXFileReference; lastKnownFileType = text.plist.xml; path = Info.plist; sourceTree = "<group>"; };
		F021B95A1AB9A0840029C4AF /* SDUCarTests.swift */ = {isa = PBXFileReference; lastKnownFileType = sourcecode.swift; path = SDUCarTests.swift; sourceTree = "<group>"; };
/* End PBXFileReference section */

/* Begin PBXFrameworksBuildPhase section */
		F021B93A1AB9A0840029C4AF /* Frameworks */ = {
			isa = PBXFrameworksBuildPhase;
			buildActionMask = 2147483647;
			files = (
			);
			runOnlyForDeploymentPostprocessing = 0;
		};
		F021B9511AB9A0840029C4AF /* Frameworks */ = {
			isa = PBXFrameworksBuildPhase;
			buildActionMask = 2147483647;
			files = (
			);
			runOnlyForDeploymentPostprocessing = 0;
		};
/* End PBXFrameworksBuildPhase section */

/* Begin PBXGroup section */
		F021B9341AB9A0840029C4AF = {
			isa = PBXGroup;
			children = (
				F021B93F1AB9A0840029C4AF /* SDUCar */,
				F021B9571AB9A0840029C4AF /* SDUCarTests */,
				F021B93E1AB9A0840029C4AF /* Products */,
			);
			sourceTree = "<group>";
		};
		F021B93E1AB9A0840029C4AF /* Products */ = {
			isa = PBXGroup;
			children = (
				F021B93D1AB9A0840029C4AF /* SDUCar.app */,
				F021B9541AB9A0840029C4AF /* SDUCarTests.xctest */,
			);
			name = Products;
			sourceTree = "<group>";
		};
		F021B93F1AB9A0840029C4AF /* SDUCar */ = {
			isa = PBXGroup;
			children = (
				F021B9421AB9A0840029C4AF /* AppDelegate.swift */,
				F021B9441AB9A0840029C4AF /* FirstViewController.swift */,
				F021B9461AB9A0840029C4AF /* SecondViewController.swift */,
				F021B9481AB9A0840029C4AF /* Main.storyboard */,
				F021B94B1AB9A0840029C4AF /* Images.xcassets */,
				F021B94D1AB9A0840029C4AF /* LaunchScreen.xib */,
				F021B9401AB9A0840029C4AF /* Supporting Files */,
			);
			path = SDUCar;
			sourceTree = "<group>";
		};
		F021B9401AB9A0840029C4AF /* Supporting Files */ = {
			isa = PBXGroup;
			children = (
				F021B9411AB9A0840029C4AF /* Info.plist */,
			);
			name = "Supporting Files";
			sourceTree = "<group>";
		};
		F021B9571AB9A0840029C4AF /* SDUCarTests */ = {
			isa = PBXGroup;
			children = (
				F021B95A1AB9A0840029C4AF /* SDUCarTests.swift */,
				F021B9581AB9A0840029C4AF /* Supporting Files */,
			);
			path = SDUCarTests;
			sourceTree = "<group>";
		};
		F021B9581AB9A0840029C4AF /* Supporting Files */ = {
			isa = PBXGroup;
			children = (
				F021B9591AB9A0840029C4AF /* Info.plist */,
			);
			name = "Supporting Files";
			sourceTree = "<group>";
		};
/* End PBXGroup section */

/* Begin PBXNativeTarget section */
		F021B93C1AB9A0840029C4AF /* SDUCar */ = {
			isa = PBXNativeTarget;
			buildConfigurationList = F021B95E1AB9A0840029C4AF /* Build configuration list for PBXNativeTarget "SDUCar" */;
			buildPhases = (
				F021B9391AB9A0840029C4AF /* Sources */,
				F021B93A1AB9A0840029C4AF /* Frameworks */,
				F021B93B1AB9A0840029C4AF /* Resources */,
			);
			buildRules = (
			);
			dependencies = (
			);
			name = SDUCar;
			productName = SDUCar;
			productReference = F021B93D1AB9A0840029C4AF /* SDUCar.app */;
			productType = "com.apple.product-type.application";
		};
		F021B9531AB9A0840029C4AF /* SDUCarTests */ = {
			isa = PBXNativeTarget;
			buildConfigurationList = F021B9611AB9A0840029C4AF /* Build configuration list for PBXNativeTarget "SDUCarTests" */;
			buildPhases = (
				F021B9501AB9A0840029C4AF /* Sources */,
				F021B9511AB9A0840029C4AF /* Frameworks */,
				F021B9521AB9A0840029C4AF /* Resources */,
			);
			buildRules = (
			);
			dependencies = (
				F021B9561AB9A0840029C4AF /* PBXTargetDependency */,
			);
			name = SDUCarTests;
			productName = SDUCarTests;
			productReference = F021B9541AB9A0840029C4AF /* SDUCarTests.xctest */;
			productType = "com.apple.product-type.bundle.unit-test";
		};
/* End PBXNativeTarget section */

/* Begin PBXProject section */
		F021B9351AB9A0840029C4AF /* Project object */ = {
			isa = PBXProject;
			attributes = {
				LastUpgradeCheck = 0610;
				ORGANIZATIONNAME = "王振宇";
				TargetAttributes = {
					F021B93C1AB9A0840029C4AF = {
						CreatedOnToolsVersion = 6.1.1;
					};
					F021B9531AB9A0840029C4AF = {
						CreatedOnToolsVersion = 6.1.1;
						TestTargetID = F021B93C1AB9A0840029C4AF;
					};
				};
			};
			buildConfigurationList = F021B9381AB9A0840029C4AF /* Build configuration list for PBXProject "SDUCar" */;
			compatibilityVersion = "Xcode 3.2";
			developmentRegion = English;
			hasScannedForEncodings = 0;
			knownRegions = (
				en,
				Base,
			);
			mainGroup = F021B9341AB9A0840029C4AF;
			productRefGroup = F021B93E1AB9A0840029C4AF /* Products */;
			projectDirPath = "";
			projectRoot = "";
			targets = (
				F021B93C1AB9A0840029C4AF /* SDUCar */,
				F021B9531AB9A0840029C4AF /* SDUCarTests */,
			);
		};
/* End PBXProject section */

/* Begin PBXResourcesBuildPhase section */
		F021B93B1AB9A0840029C4AF /* Resources */ = {
			isa = PBXResourcesBuildPhase;
			buildActionMask = 2147483647;
			files = (
				F021B94A1AB9A0840029C4AF /* Main.storyboard in Resources */,
				F021B94F1AB9A0840029C4AF /* LaunchScreen.xib in Resources */,
				F021B94C1AB9A0840029C4AF /* Images.xcassets in Resources */,
			);
			runOnlyForDeploymentPostprocessing = 0;
		};
		F021B9521AB9A0840029C4AF /* Resources */ = {
			isa = PBXResourcesBuildPhase;
			buildActionMask = 2147483647;
			files = (
			);
			runOnlyForDeploymentPostprocessing = 0;
		};
/* End PBXResourcesBuildPhase section */

/* Begin PBXSourcesBuildPhase section */
		F021B9391AB9A0840029C4AF /* Sources */ = {
			isa = PBXSourcesBuildPhase;
			buildActionMask = 2147483647;
			files = (
				F021B9471AB9A0840029C4AF /* SecondViewController.swift in Sources */,
				F021B9431AB9A0840029C4AF /* AppDelegate.swift in Sources */,
				F021B9451AB9A0840029C4AF /* FirstViewController.swift in Sources */,
			);
			runOnlyForDeploymentPostprocessing = 0;
		};
		F021B9501AB9A0840029C4AF /* Sources */ = {
			isa = PBXSourcesBuildPhase;
			buildActionMask = 2147483647;
			files = (
				F021B95B1AB9A0840029C4AF /* SDUCarTests.swift in Sources */,
			);
			runOnlyForDeploymentPostprocessing = 0;
		};
/* End PBXSourcesBuildPhase section */

/* Begin PBXTargetDependency section */
		F021B9561AB9A0840029C4AF /* PBXTargetDependency */ = {
			isa = PBXTargetDependency;
			target = F021B93C1AB9A0840029C4AF /* SDUCar */;
			targetProxy = F021B9551AB9A0840029C4AF /* PBXContainerItemProxy */;
		};
/* End PBXTargetDependency section */

/* Begin PBXVariantGroup section */
		F021B9481AB9A0840029C4AF /* Main.storyboard */ = {
			isa = PBXVariantGroup;
			children = (
				F021B9491AB9A0840029C4AF /* Base */,
			);
			name = Main.storyboard;
			sourceTree = "<group>";
		};
		F021B94D1AB9A0840029C4AF /* LaunchScreen.xib */ = {
			isa = PBXVariantGroup;
			children = (
				F021B94E1AB9A0840029C4AF /* Base */,
			);
			name = LaunchScreen.xib;
			sourceTree = "<group>";
		};
/* End PBXVariantGroup section */

/* Begin XCBuildConfiguration section */
		F021B95C1AB9A0840029C4AF /* Debug */ = {
			isa = XCBuildConfiguration;
			buildSettings = {
				ALWAYS_SEARCH_USER_PATHS = NO;
				CLANG_CXX_LANGUAGE_STANDARD = "gnu++0x";
				CLANG_CXX_LIBRARY = "libc++";
				CLANG_ENABLE_MODULES = YES;
				CLANG_ENABLE_OBJC_ARC = YES;
				CLANG_WARN_BOOL_CONVERSION = YES;
				CLANG_WARN_CONSTANT_CONVERSION = YES;
				CLANG_WARN_DIRECT_OBJC_ISA_USAGE = YES_ERROR;
				CLANG_WARN_EMPTY_BODY = YES;
				CLANG_WARN_ENUM_CONVERSION = YES;
				CLANG_WARN_INT_CONVERSION = YES;
				CLANG_WARN_OBJC_ROOT_CLASS = YES_ERROR;
				CLANG_WARN_UNREACHABLE_CODE = YES;
				CLANG_WARN__DUPLICATE_METHOD_MATCH = YES;
				"CODE_SIGN_IDENTITY[sdk=iphoneos*]" = "iPhone Developer";
				COPY_PHASE_STRIP = NO;
				ENABLE_STRICT_OBJC_MSGSEND = YES;
				GCC_C_LANGUAGE_STANDARD = gnu99;
				GCC_DYNAMIC_NO_PIC = NO;
				GCC_OPTIMIZATION_LEVEL = 0;
				GCC_PREPROCESSOR_DEFINITIONS = (
					"DEBUG=1",
					"$(inherited)",
				);
				GCC_SYMBOLS_PRIVATE_EXTERN = NO;
				GCC_WARN_64_TO_32_BIT_CONVERSION = YES;
				GCC_WARN_ABOUT_RETURN_TYPE = YES_ERROR;
				GCC_WARN_UNDECLARED_SELECTOR = YES;
				GCC_WARN_UNINITIALIZED_AUTOS = YES_AGGRESSIVE;
				GCC_WARN_UNUSED_FUNCTION = YES;
				GCC_WARN_UNUSED_VARIABLE = YES;
				IPHONEOS_DEPLOYMENT_TARGET = 8.1;
				MTL_ENABLE_DEBUG_INFO = YES;
				ONLY_ACTIVE_ARCH = YES;
				SDKROOT = iphoneos;
				SWIFT_OPTIMIZATION_LEVEL = "-Onone";
			};
			name = Debug;
		};
		F021B95D1AB9A0840029C4AF /* Release */ = {
			isa = XCBuildConfiguration;
			buildSettings = {
				ALWAYS_SEARCH_USER_PATHS = NO;
				CLANG_CXX_LANGUAGE_STANDARD = "gnu++0x";
				CLANG_CXX_LIBRARY = "libc++";
				CLANG_ENABLE_MODULES = YES;
				CLANG_ENABLE_OBJC_ARC = YES;
				CLANG_WARN_BOOL_CONVERSION = YES;
				CLANG_WARN_CONSTANT_CONVERSION = YES;
				CLANG_WARN_DIRECT_OBJC_ISA_USAGE = YES_ERROR;
				CLANG_WARN_EMPTY_BODY = YES;
				CLANG_WARN_ENUM_CONVERSION = YES;
				CLANG_WARN_INT_CONVERSION = YES;
				CLANG_WARN_OBJC_ROOT_CLASS = YES_ERROR;
				CLANG_WARN_UNREACHABLE_CODE = YES;
				CLANG_WARN__DUPLICATE_METHOD_MATCH = YES;
				"CODE_SIGN_IDENTITY[sdk=iphoneos*]" = "iPhone Developer";
				COPY_PHASE_STRIP = YES;
				ENABLE_NS_ASSERTIONS = NO;
				ENABLE_STRICT_OBJC_MSGSEND = YES;
				GCC_C_LANGUAGE_STANDARD = gnu99;
				GCC_WARN_64_TO_32_BIT_CONVERSION = YES;
				GCC_WARN_ABOUT_RETURN_TYPE = YES_ERROR;
				GCC_WARN_UNDECLARED_SELECTOR = YES;
				GCC_WARN_UNINITIALIZED_AUTOS = YES_AGGRESSIVE;
				GCC_WARN_UNUSED_FUNCTION = YES;
				GCC_WARN_UNUSED_VARIABLE = YES;
				IPHONEOS_DEPLOYMENT_TARGET = 8.1;
				MTL_ENABLE_DEBUG_INFO = NO;
				SDKROOT = iphoneos;
				VALIDATE_PRODUCT = YES;
			};
			name = Release;
		};
		F021B95F1AB9A0840029C4AF /* Debug */ = {
			isa = XCBuildConfiguration;
			buildSettings = {
				ASSETCATALOG_COMPILER_APPICON_NAME = AppIcon;
				INFOPLIST_FILE = SDUCar/Info.plist;
				LD_RUNPATH_SEARCH_PATHS = "$(inherited) @executable_path/Frameworks";
				PRODUCT_NAME = "$(TARGET_NAME)";
			};
			name = Debug;
		};
		F021B9601AB9A0840029C4AF /* Release */ = {
			isa = XCBuildConfiguration;
			buildSettings = {
				ASSETCATALOG_COMPILER_APPICON_NAME = AppIcon;
				INFOPLIST_FILE = SDUCar/Info.plist;
				LD_RUNPATH_SEARCH_PATHS = "$(inherited) @executable_path/Frameworks";
				PRODUCT_NAME = "$(TARGET_NAME)";
			};
			name = Release;
		};
		F021B9621AB9A0840029C4AF /* Debug */ = {
			isa = XCBuildConfiguration;
			buildSettings = {
				BUNDLE_LOADER = "$(TEST_HOST)";
				FRAMEWORK_SEARCH_PATHS = (
					"$(SDKROOT)/Developer/Library/Frameworks",
					"$(inherited)",
				);
				GCC_PREPROCESSOR_DEFINITIONS = (
					"DEBUG=1",
					"$(inherited)",
				);
				INFOPLIST_FILE = SDUCarTests/Info.plist;
				LD_RUNPATH_SEARCH_PATHS = "$(inherited) @executable_path/Frameworks @loader_path/Frameworks";
				PRODUCT_NAME = "$(TARGET_NAME)";
				TEST_HOST = "$(BUILT_PRODUCTS_DIR)/SDUCar.app/SDUCar";
			};
			name = Debug;
		};
		F021B9631AB9A0840029C4AF /* Release */ = {
			isa = XCBuildConfiguration;
			buildSettings = {
				BUNDLE_LOADER = "$(TEST_HOST)";
				FRAMEWORK_SEARCH_PATHS = (
					"$(SDKROOT)/Developer/Library/Frameworks",
					"$(inherited)",
				);
				INFOPLIST_FILE = SDUCarTests/Info.plist;
				LD_RUNPATH_SEARCH_PATHS = "$(inherited) @executable_path/Frameworks @loader_path/Frameworks";
				PRODUCT_NAME = "$(TARGET_NAME)";
				TEST_HOST = "$(BUILT_PRODUCTS_DIR)/SDUCar.app/SDUCar";
			};
			name = Release;
		};
/* End XCBuildConfiguration section */

/* Begin XCConfigurationList section */
		F021B9381AB9A0840029C4AF /* Build configuration list for PBXProject "SDUCar" */ = {
			isa = XCConfigurationList;
			buildConfigurations = (
				F021B95C1AB9A0840029C4AF /* Debug */,
				F021B95D1AB9A0840029C4AF /* Release */,
			);
			defaultConfigurationIsVisible = 0;
			defaultConfigurationName = Release;
		};
		F021B95E1AB9A0840029C4AF /* Build configuration list for PBXNativeTarget "SDUCar" */ = {
			isa = XCConfigurationList;
			buildConfigurations = (
				F021B95F1AB9A0840029C4AF /* Debug */,
				F021B9601AB9A0840029C4AF /* Release */,
			);
			defaultConfigurationIsVisible = 0;
		};
		F021B9611AB9A0840029C4AF /* Build configuration list for PBXNativeTarget "SDUCarTests" */ = {
			isa = XCConfigurationList;
			buildConfigurations = (
				F021B9621AB9A0840029C4AF /* Debug */,
				F021B9631AB9A0840029C4AF /* Release */,
			);
			defaultConfigurationIsVisible = 0;
		};
/* End XCConfigurationList section */
	};
	rootObject = F021B9351AB9A0840029C4AF /* Project object */;
}
